
Microsoft Visual Studio Solution File, Format Version 12.00
# Visual Studio Version 17
VisualStudioVersion = 17.3.32929.385
MinimumVisualStudioVersion = 10.0.40219.1
Project("{FAE04EC0-301F-11D3-BF4B-00C04F79EFBC}") = "ExColection", "ExColection\ExColection.csproj", "{3AF5CB51-F3CE-4D46-B8A1-7BF066079D7F}"
EndProject
Global
	GlobalSection(SolutionConfigurationPlatforms) = preSolution
		Debug|Any CPU = Debug|Any CPU
		Release|Any CPU = Release|Any CPU
	EndGlobalSection
	GlobalSection(ProjectConfigurationPlatforms) = postSolution
		{3AF5CB51-F3CE-4D46-B8A1-7BF066079D7F}.Debug|Any CPU.ActiveCfg = Debug|Any CPU
		{3AF5CB51-F3CE-4D46-B8A1-7BF066079D7F}.Debug|Any CPU.Build.0 = Debug|Any CPU
		{3AF5CB51-F3CE-4D46-B8A1-7BF066079D7F}.Release|Any CPU.ActiveCfg = Release|Any CPU
		{3AF5CB51-F3CE-4D46-B8A1-7BF066079D7F}.Release|Any CPU.Build.0 = Release|Any CPU
	EndGlobalSection
	GlobalSection(SolutionProperties) = preSolution
		HideSolutionNode = FALSE
	EndGlobalSection
	GlobalSection(ExtensibilityGlobals) = postSolution
		SolutionGuid = {770F21E0-20C9-4EBC-BA44-A55DAB3E2E26}
	EndGlobalSection
EndGlobal
